PODS:
  - JHGPopupKit (1.7.0):
    - JHGPopupKit/Core (= 1.7.0)
    - JHGPopupKit/Plugins (= 1.7.0)
    - JHGPopupKit/PopupView (= 1.7.0)
    - JHGPopupKit/PopupViewController (= 1.7.0)
    - Masonry (~> 1.1.0)
  - JHGPopupKit/Core (1.7.0):
    - Masonry (~> 1.1.0)
  - JHGPopupKit/Plugins (1.7.0):
    - JHGPopupKit/PopupView
    - Masonry (~> 1.1.0)
  - JHGPopupKit/PopupView (1.7.0):
    - JHGPopupKit/Core
    - Masonry (~> 1.1.0)
  - JHGPopupKit/PopupViewController (1.7.0):
    - JHGPopupKit/Core
    - Masonry (~> 1.1.0)
  - Masonry (1.1.0)
  - SnapKit (5.0.1)

DEPENDENCIES:
  - JHGPopupKit (from `../`)
  - SnapKit (~> 5.0.0)

SPEC REPOS:
  https://github.com/CocoaPods/Specs.git:
    - Masonry
    - SnapKit

EXTERNAL SOURCES:
  JHGPopupKit:
    :path: "../"

SPEC CHECKSUMS:
  JHGPopupKit: 624f1044a9c305b26a9e6cb094c4ef66448709e6
  Masonry: 678fab65091a9290e40e2832a55e7ab731aad201
  SnapKit: 97b92857e3df3a0c71833cce143274bf6ef8e5eb

PODFILE CHECKSUM: 5b6cad5a46351c3e928d442a26dbb85fec8821a5

COCOAPODS: 1.16.2
